version = 1
revision = 3
requires-python = ">=3.13"

[[package]]
name = "altgraph"
version = "0.17.5"
source = { registry = "https://pypi.org/simple" }
sdist = { url = "https://files.pythonhosted.org/packages/7e/f8/97fdf103f38fed6792a1601dbc16cc8aac56e7459a9fff08c812d8ae177a/altgraph-0.17.5.tar.gz", hash = "sha256:c87b395dd12fabde9c99573a9749d67da8d29ef9de0125c7f536699b4a9bc9e7", size = 48428, upload-time = "2025-11-21T20:35:50.583Z" }
wheels = [
    { url = "https://files.pythonhosted.org/packages/a9/ba/000a1996d4308bc65120167c21241a3b205464a2e0b58deda26ae8ac21d1/altgraph-0.17.5-py2.py3-none-any.whl", hash = "sha256:f3a22400bce1b0c701683820ac4f3b159cd301acab067c51c653e06961600597", size = 21228, upload-time = "2025-11-21T20:35:49.444Z" },
]

[[package]]
name = "asteroids-pygame"
version = "0.1.3"
source = { virtual = "." }
dependencies = [
    { name = "pygame" },
]

[package.dev-dependencies]
dev = [
    { name = "black" },
    { name = "pyinstaller" },
]

[package.metadata]
requires-dist = [{ name = "pygame", specifier = "==2.6.1" }]

[package.metadata.requires-dev]
dev = [
    { name = "black", specifier = ">=26.5.1" },
    { name = "pyinstaller", specifier = ">=6.22.2" },
]

[[package]]
name = "black"
version = "26.5.1"
source = { registry = "https://pypi.org/simple" }
dependencies = [
    { name = "click" },
    { name = "mypy-extensions" },
    { name = "packaging" },
    { name = "pathspec" },
    { name = "platformdirs" },
    { name = "pytokens" },
]
sdist = { url = "https://files.pythonhosted.org/packages/c0/37/5628dd55bf2b34257fc7603f0fe97c40e3aaf24265f416a9c85c95ca1436/black-26.5.1.tar.gz", hash = "sha256:dd321f668053961824bcc1be1cc1df748b2d7e4fa28086b08331e577b0100a73", size = 679439, upload-time = "2026-05-18T16:53:36.107Z" }
wheels = [
    { url = "https://files.pythonhosted.org/packages/3f/5c/c384363980e11e25ca6b93205949bb331fbf35f4e0dbec376dfa6326cec8/black-26.5.1-cp313-cp313-macosx_10_13_x86_64.whl", hash = "sha256:2b36cf2ddf5566e205f6535f782a62194a184d33e175b64ae8c40b1737522be3", size = 2009020, upload-time = "2026-05-18T17:05:28.132Z" },
    { url = "https://files.pythonhosted.org/packages/0b/df/9f31c5e0babbfed77d505fc5d120beb98b21b33feaeded3924ea941fe360/black-26.5.1-cp313-cp313-macosx_11_0_arm64.whl", hash = "sha256:1f7ea64ebfa01b50f693508fc39f875e264446d3b097088f84f203b9d09618a0", size = 1813335, upload-time = "2026-05-18T17:05:31.266Z" },
    { url = "https://files.pythonhosted.org/packages/fb/24/8e7b9a2fa61b0afd82209efe937557d180a1fa055bd7f6161eb9defc3719/black-26.5.1-cp313-cp313-manylinux2014_x86_64.manylinux_2_17_x86_64.manylinux_2_28_x86_64.whl", hash = "sha256:ecb3e624844c798144e9bd986954e0adc81d8911a1f30f375e1252fe26e8c294", size = 1881614, upload-time = "2026-05-18T17:05:32.718Z" },
    { url = "https://files.pythonhosted.org/packages/49/ad/b4e0d9365ba8ac34f6bbab62a4b1b2dd5d618fac3fa1b8db968c844201b5/black-26.5.1-cp313-cp313-win_amd64.whl", hash = "sha256:e1a26503279b6b310669fb0b219c39e4820b77e8189fe80f522bb511f247db0a", size = 1488925, upload-time = "2026-05-18T17:05:34.259Z" },
    { url = "https://files.pythonhosted.org/packages/a1/4b/652b859bf5df88a751c30451b09338f7fd26a77d1271c666992f836b7711/black-26.5.1-cp313-cp313-win_arm64.whl", hash = "sha256:5c34b25da232ead53a6f335b76dbea124f4d152ad568b9080d6f944bc2b34b52", size = 1289883, upload-time = "2026-05-18T17:05:36.019Z" },
    { url = "https://files.pythonhosted.org/packages/a6/16/a8da8eb208c51c7f4ce74609a45d0dcc6d8a2141e45e81ee5289d1bb0d59/black-26.5.1-cp314-cp314-macosx_10_15_x86_64.whl", hash = "sha256:e88976690a64b0af98312ca958415849cb42423423c5f2ee74af4b49a97a2168", size = 2004800, upload-time = "2026-05-18T17:05:38.182Z" },
    { url = "https://files.pythonhosted.org/packages/11/8a/a479296a19e383b70a725882a6cf3d786540601ff03cabbaaf1cce864c5a/black-26.5.1-cp314-cp314-macosx_11_0_arm64.whl", hash = "sha256:32d5ea7f6c8bdfa6e648326ebca1f02b0764e2a029edc6f8dce2627e19d468c3", size = 1815576, upload-time = "2026-05-18T17:05:40.309Z" },
    { url = "https://files.pythonhosted.org/packages/81/6b/cfaf3d39f25132c156a068f6b805576c9103a84086019507c70e1911ee7d/black-26.5.1-cp314-cp314-manylinux2014_x86_64.manylinux_2_17_x86_64.manylinux_2_28_x86_64.whl", hash = "sha256:ea8d16dc41655aa113cd64665e7219446cd7e4ff2248d7178eaa905190c86b18", size = 1877927, upload-time = "2026-05-18T17:05:42.463Z" },
    { url = "https://files.pythonhosted.org/packages/66/76/302e313964bcff7e28df329d39f84f5270095730d85ff0acc260610a0d82/black-26.5.1-cp314-cp314-win_amd64.whl", hash = "sha256:577f21094ea469ef92ec1adaf2c9441a226d2144d01a5be2fa823cecf6543e50", size = 1511860, upload-time = "2026-05-18T17:05:43.943Z" },
    { url = "https://files.pythonhosted.org/packages/27/4e/a3827e35e0e567f9f9ee59e2a0ab979267dca98718f25547ca8c6733afd4/black-26.5.1-cp314-cp314-win_arm64.whl", hash = "sha256:ed1a20af114c301a0269bf01163d51dbef72737fd65f850001e7cbe7f3c7abae", size = 1316632, upload-time = "2026-05-18T17:05:45.521Z" },
    { url = "https://files.pythonhosted.org/packages/94/51/f975cae76d44274cc2868dc9040ac5d58d464784610234455b4e7b19c6ef/black-26.5.1-py3-none-any.whl", hash = "sha256:4ed7f7da04046d2e488437170797d3b4a4ad83906683bcb7dfc68b673bbce5e2", size = 213693, upload-time = "2026-05-18T16:53:33.964Z" },
]

[[package]]
name = "click"
version = "8.5.0"
source = { registry = "https://pypi.org/simple" }
sdist = { url = "https://files.pythonhosted.org/packages/c7/0e/7fa0ef50764b67090eca4114772a2abf8b6148198475e54c660b97caeee6/click-8.5.0.tar.gz", hash = "sha256:ba0d2089de75ea0310e2dde03160e6ca10009947fb95a182f9b54021bb272e34", size = 382235, upload-time = "2026-08-26T13:33:14.56Z" }
wheels = [
    { url = "https://files.pythonhosted.org/packages/58/50/6c0d534c5f134586a8e1ba4e330569e32f057e33372ae556463212fb4cd3/click-8.5.0-py3-none-any.whl", hash = "sha256:255bc9599cf7748b4b1a446ccc735421bd08a2ae529a8b88597d3de5664ee360", size = 125251, upload-time = "2026-08-26T13:33:12.928Z" },
]

[[package]]
name = "macholib"
version = "1.16.4"
source = { registry = "https://pypi.org/simple" }
dependencies = [
    { name = "altgraph" },
]
sdist = { url = "https://files.pythonhosted.org/packages/10/2f/97589876ea967487978071c9042518d28b958d87b17dceb7cdc1d881f963/macholib-1.16.4.tar.gz", hash = "sha256:f408c93ab2e995cd2c46e34fe328b130404be143469e41bc366c807448979362", size = 59427, upload-time = "2025-11-22T08:28:38.373Z" }
wheels = [
    { url = "https://files.pythonhosted.org/packages/c7/d1/a9f36f8ecdf0fb7c9b1e78c8d7af12b8c8754e74851ac7b94a8305540fc7/macholib-1.16.4-py2.py3-none-any.whl", hash = "sha256:da1a3fa8266e30f0ce7e97c6a54eefaae8edd1e5f86f3eb8b95457cae90265ea", size = 38117, upload-time = "2025-11-22T08:28:36.939Z" },
]

[[package]]
name = "mypy-extensions"
version = "1.1.0"
source = { registry = "https://pypi.org/simple" }
sdist = { url = "https://files.pythonhosted.org/packages/a2/6e/371856a3fb9d31ca8dac321cda606860fa4548858c0cc45d9d1d4ca2628b/mypy_extensions-1.1.0.tar.gz", hash = "sha256:52e68efc3284861e772bbcd66823fde5ae21fd2fdb51c62a211403730b916558", size = 6343, upload-time = "2025-04-22T14:54:24.164Z" }
wheels = [
    { url = "https://files.pythonhosted.org/packages/79/7b/2c79738432f5c924bef5071f933bcc9efd0473bac3b4aa584a6f7c1c8df8/mypy_extensions-1.1.0-py3-none-any.whl", hash = "sha256:1be4cccdb0f2482337c4743e60421de3a356cd97508abadd57d47403e94f5505", size = 4963, upload-time = "2025-04-22T14:54:22.983Z" },
]

[[package]]
name = "packaging"
version = "26.3"
source = { registry = "https://pypi.org/simple" }
sdist = { url = "https://files.pythonhosted.org/packages/7d/fa/3944b40b07da9ce895c0e6303a5ab7d53da063554f534556b134a54d6093/packaging-26.3.tar.gz", hash = "sha256:94edc256424af38762eb31306eed28beb9f0efc50a8837492c9d6fd6004aed79", size = 313412, upload-time = "2026-08-04T18:15:28.737Z" }
wheels = [
    { url = "https://files.pythonhosted.org/packages/63/34/ba1c580383c9eada3711951fef0795c80b829a078d72188184bcab9dd527/packaging-26.3-py3-none-any.whl", hash = "sha256:d7193f7c8e4e93f444fde0262bf90af30e16fa0ad0ad44cb553c87339b23cd1c", size = 129956, upload-time = "2026-08-04T18:15:27.159Z" },
]

[[package]]
name = "pathspec"
version = "1.1.1"
source = { registry = "https://pypi.org/simple" }
sdist = { url = "https://files.pythonhosted.org/packages/5a/82/42f767fc1c1143d6fd36efb827202a2d997a375e160a71eb2888a925aac1/pathspec-1.1.1.tar.gz", hash = "sha256:17db5ecd524104a120e173814c90367a96a98d07c45b2e10c2f3919fff91bf5a", size = 135180, upload-time = "2026-04-27T01:46:08.907Z" }
wheels = [
    { url = "https://files.pythonhosted.org/packages/f1/d9/7fb5aa316bc299258e68c73ba3bddbc499654a07f151cba08f6153988714/pathspec-1.1.1-py3-none-any.whl", hash = "sha256:a00ce642f577bf7f473932318056212bc4f8bfdf53128c78bbd5af0b9b20b189", size = 57328, upload-time = "2026-04-27T01:46:07.06Z" },
]

[[package]]
name = "pefile"
version = "2024.8.26"
source = { registry = "https://pypi.org/simple" }
sdist = { url = "https://files.pythonhosted.org/packages/03/4f/2750f7f6f025a1507cd3b7218691671eecfd0bbebebe8b39aa0fe1d360b8/pefile-2024.8.26.tar.gz", hash = "sha256:3ff6c5d8b43e8c37bb6e6dd5085658d658a7a0bdcd20b6a07b1fcfc1c4e9d632", size = 76008, upload-time = "2024-08-26T20:58:38.155Z" }
wheels = [
    { url = "https://files.pythonhosted.org/packages/54/16/12b82f791c7f50ddec566873d5bdd245baa1491bac11d15ffb98aecc8f8b/pefile-2024.8.26-py3-none-any.whl", hash = "sha256:76f8b485dcd3b1bb8166f1128d395fa3d87af26360c2358fb75b80019b957c6f", size = 74766, upload-time = "2024-08-26T21:01:02.632Z" },
]

[[package]]
name = "platformdirs"
version = "4.11.7"
source = { registry = "https://pypi.org/simple" }
sdist = { url = "https://files.pythonhosted.org/packages/69/b7/802a56eca9f2fac455b8bab5375a2647b0f0e14a2cd63ef077de3c4a7658/platformdirs-4.11.7.tar.gz", hash = "sha256:4f41487eeeeeb07f3a6625e61d9bc0ae6809f92d3386dbd74392fbb76108104d", size = 35127, upload-time = "2026-09-01T13:35:10.502Z" }
wheels = [
    { url = "https://files.pythonhosted.org/packages/27/6e/80993e10a0482f630cef528635789233224f36b1ffd11592aa15d13ff9ce/platformdirs-4.11.7-py3-none-any.whl", hash = "sha256:8a02cb259042c79d1cd0450facc2fe6dc9d303ae7901afbe33bf8ea0b188cef6", size = 23938, upload-time = "2026-09-01T13:35:09.02Z" },
]

[[package]]
name = "pygame"
version = "2.6.1"
source = { registry = "https://pypi.org/simple" }
sdist = { url = "https://files.pythonhosted.org/packages/49/cc/08bba60f00541f62aaa252ce0cfbd60aebd04616c0b9574f755b583e45ae/pygame-2.6.1.tar.gz", hash = "sha256:56fb02ead529cee00d415c3e007f75e0780c655909aaa8e8bf616ee09c9feb1f", size = 14808125, upload-time = "2024-09-29T13:41:34.698Z" }
wheels = [
    { url = "https://files.pythonhosted.org/packages/e1/91/718acf3e2a9d08a6ddcc96bd02a6f63c99ee7ba14afeaff2a51c987df0b9/pygame-2.6.1-cp313-cp313-macosx_10_13_x86_64.whl", hash = "sha256:ae6039f3a55d800db80e8010f387557b528d34d534435e0871326804df2a62f2", size = 13090765, upload-time = "2024-09-29T14:27:02.377Z" },
    { url = "https://files.pythonhosted.org/packages/0e/c6/9cb315de851a7682d9c7568a41ea042ee98d668cb8deadc1dafcab6116f0/pygame-2.6.1-cp313-cp313-macosx_11_0_arm64.whl", hash = "sha256:2a3a1288e2e9b1e5834e425bedd5ba01a3cd4902b5c2bff8ed4a740ccfe98171", size = 12381704, upload-time = "2024-09-29T14:27:10.228Z" },
    { url = "https://files.pythonhosted.org/packages/9f/8f/617a1196e31ae3b46be6949fbaa95b8c93ce15e0544266198c2266cc1b4d/pygame-2.6.1-cp313-cp313-manylinux_2_17_aarch64.manylinux2014_aarch64.whl", hash = "sha256:27eb17e3dc9640e4b4683074f1890e2e879827447770470c2aba9f125f74510b", size = 13581091, upload-time = "2024-09-29T11:30:27.653Z" },
    { url = "https://files.pythonhosted.org/packages/3b/87/2851a564e40a2dad353f1c6e143465d445dab18a95281f9ea458b94f3608/pygame-2.6.1-cp313-cp313-manylinux_2_17_i686.manylinux2014_i686.whl", hash = "sha256:4c1623180e70a03c4a734deb9bac50fc9c82942ae84a3a220779062128e75f3b", size = 14273844, upload-time = "2024-09-29T11:40:04.138Z" },
    { url = "https://files.pythonhosted.org/packages/85/b5/aa23aa2e70bcba42c989c02e7228273c30f3b44b9b264abb93eaeff43ad7/pygame-2.6.1-cp313-cp313-manylinux_2_17_x86_64.manylinux2014_x86_64.whl", hash = "sha256:ef07c0103d79492c21fced9ad68c11c32efa6801ca1920ebfd0f15fb46c78b1c", size = 13951197, upload-time = "2024-09-29T11:40:06.785Z" },
    { url = "https://files.pythonhosted.org/packages/a6/06/29e939b34d3f1354738c7d201c51c250ad7abefefaf6f8332d962ff67c4b/pygame-2.6.1-cp313-cp313-win32.whl", hash = "sha256:3acd8c009317190c2bfd81db681ecef47d5eb108c2151d09596d9c7ea9df5c0e", size = 10249309, upload-time = "2024-09-29T11:10:23.329Z" },
    { url = "https://files.pythonhosted.org/packages/7e/11/17f7f319ca91824b86557e9303e3b7a71991ef17fd45286bf47d7f0a38e6/pygame-2.6.1-cp313-cp313-win_amd64.whl", hash = "sha256:813af4fba5d0b2cb8e58f5d95f7910295c34067dcc290d34f1be59c48bd1ea6a", size = 10620084, upload-time = "2024-09-29T11:48:51.587Z" },
]

[[package]]
name = "pyinstaller"
version = "6.22.2"
source = { registry = "https://pypi.org/simple" }
dependencies = [
    { name = "altgraph" },
    { name = "macholib", marker = "sys_platform == 'darwin'" },
    { name = "packaging" },
    { name = "pefile", marker = "sys_platform == 'win32'" },
    { name = "pyinstaller-hooks-contrib" },
    { name = "pywin32-ctypes", marker = "sys_platform == 'win32'" },
    { name = "setuptools" },
]
sdist = { url = "https://files.pythonhosted.org/packages/cc/2b/836d9def811c02522e0921d8b8cdf0c16b0545a216e97e71041758057859/pyinstaller-6.22.2.tar.gz", hash = "sha256:89b65a3ad07d9dd5832253e37bc45f31872d10d7f9d5c9fd0fdd6088a83829dd", size = 4092631, upload-time = "2026-08-17T20:53:22.231Z" }
wheels = [
    { url = "https://files.pythonhosted.org/packages/57/39/08cd53632276de70426e7c273820277a48253fee397b4048301ec03c3566/pyinstaller-6.22.2-py3-none-macosx_10_13_universal2.whl", hash = "sha256:ebd1b1ca932d7cf25d7366ce691aaf79a5ff9425811ed7328b5116e4471b6d6d", size = 1062734, upload-time = "2026-08-17T20:52:17.635Z" },
    { url = "https://files.pythonhosted.org/packages/74/22/2d865896782cbb41e2388c7314207c17a98acdcc1b8e5eef668873505c9f/pyinstaller-6.22.2-py3-none-manylinux2014_aarch64.whl", hash = "sha256:f5ccb847451df4207bce18bf53a57b124c9bb4e7e4bad08c5ecc627bcf00b28c", size = 755697, upload-time = "2026-08-17T20:52:21.676Z" },
    { url = "https://files.pythonhosted.org/packages/91/2b/6c11e4d5a76e716ea68da1946ab706a4bdf6d8e68b0e1dea314366d046a0/pyinstaller-6.22.2-py3-none-manylinux2014_i686.whl", hash = "sha256:becb47ad78272bede87acf2ed830d7545a8f65ab11d06a68fe2b99ba1afaac6d", size = 768870, upload-time = "2026-08-17T20:52:25.511Z" },
    { url = "https://files.pythonhosted.org/packages/cf/e2/dbfea6a58b68acf644f7193b11d570476d6ffaed57381b6d1dd9e898a971/pyinstaller-6.22.2-py3-none-manylinux2014_ppc64le.whl", hash = "sha256:06d7b3827a8049db4a2d47e3ec4ae2f69a1041577d8833b8f169745cde573ab4", size = 767445, upload-time = "2026-08-17T20:52:29.629Z" },
    { url = "https://files.pythonhosted.org/packages/5e/db/f24a21af2f87ce1df4e07fdad95eec65ef9f284267a7c1e5eeea40f49aa4/pyinstaller-6.22.2-py3-none-manylinux2014_s390x.whl", hash = "sha256:7bee432404eca5dc3ef37c36811c266561b03988f6d3e70ab0fa5352dd5de9e4", size = 762113, upload-time = "2026-08-17T20:52:34.025Z" },
    { url = "https://files.pythonhosted.org/packages/2b/07/b304ff3f5f8333778065e3658b604b0e108cd934b920f3fbab825a0dd5b7/pyinstaller-6.22.2-py3-none-manylinux2014_x86_64.whl", hash = "sha256:9622686ecc5d5fa492fe6cde29d47df9dd41138cff8177be9f901ca3260f2096", size = 762173, upload-time = "2026-08-17T20:52:38.477Z" },
    { url = "https://files.pythonhosted.org/packages/6c/9b/0af69d93dfad2e3d590a5de5828d5bcd903747c0224bd9560ab476904dfe/pyinstaller-6.22.2-py3-none-musllinux_1_1_aarch64.whl", hash = "sha256:0260eaad6be3f6fbc1affffe6dc7b8e5b636dbca51b463224daba971610b6fc1", size = 761674, upload-time = "2026-08-17T20:52:42.646Z" },
    { url = "https://files.pythonhosted.org/packages/d3/4e/28b6094dcbd1e1bbb868daf4f8752999a20c1020ab64569232be42af2be8/pyinstaller-6.22.2-py3-none-musllinux_1_1_x86_64.whl", hash = "sha256:8c2c4b14caad38c1f3df8e9bf5276fc265e27fe8b4180cab4a37864288427bc0", size = 761053, upload-time = "2026-08-17T20:52:46.594Z" },
    { url = "https://files.pythonhosted.org/packages/ba/2c/f91b63fd01422111ac04e3b9bf61c039da5a3292acb4fe5248905f0be688/pyinstaller-6.22.2-py3-none-win32.whl", hash = "sha256:9a078877caa3920558a3242d0a7019fe5b825cff4b65ed380c7d1e1bd200ddd9", size = 1344474, upload-time = "2026-08-17T20:52:53.108Z" },
    { url = "https://files.pythonhosted.org/packages/3f/53/8ba1d0f6159b490f700eac6161a4be5f0d4672608a6dae9fd73679f183ee/pyinstaller-6.22.2-py3-none-win_amd64.whl", hash = "sha256:9b990fa6bbe143572f06644a984ad0d7aa2e2ccc6929d4916031343a5888e9a7", size = 1405725, upload-time = "2026-08-17T20:52:59.667Z" },
    { url = "https://files.pythonhosted.org/packages/fb/1b/9a3062cc34c939f694d4262c4754681f6ffe853c21c124209ad2d08b8e84/pyinstaller-6.22.2-py3-none-win_arm64.whl", hash = "sha256:afb6f9a95d19b6dcd3a7decc40d9adb6ba9c4f8802ddd6c972dfb552953f384e", size = 1353806, upload-time = "2026-08-17T20:53:06.222Z" },
]

[[package]]
name = "pyinstaller-hooks-contrib"
version = "2026.7"
source = { registry = "https://pypi.org/simple" }
dependencies = [
    { name = "packaging" },
]
sdist = { url = "https://files.pythonhosted.org/packages/26/60/d881fa1ba8c160c18d8e6f782bb16ec4640c08bc08fc50f704c368ad4f9e/pyinstaller_hooks_contrib-2026.7.tar.gz", hash = "sha256:5fbcaacb22c4f4aac869a127dce283f67a4b4cfcc37d496f2446603e6d68aefa", size = 175992, upload-time = "2026-08-24T21:26:58.713Z" }
wheels = [
    { url = "https://files.pythonhosted.org/packages/0a/67/350377af7b50416344ab8792756d414eef7629c618a73e9a0b13bb1552d9/pyinstaller_hooks_contrib-2026.7-py3-none-any.whl", hash = "sha256:24257a04c7a5a7a034cf28e39dcee20fbeeb9f043076729480f2e1b69904408a", size = 459445, upload-time = "2026-08-24T21:26:57.274Z" },
]

[[package]]
name = "pytokens"
version = "0.4.1"
source = { registry = "https://pypi.org/simple" }
sdist = { url = "https://files.pythonhosted.org/packages/b6/34/b4e015b99031667a7b960f888889c5bd34ef585c85e1cb56a594b92836ac/pytokens-0.4.1.tar.gz", hash = "sha256:292052fe80923aae2260c073f822ceba21f3872ced9a68bb7953b348e561179a", size = 23015, upload-time = "2026-01-30T01:03:45.924Z" }
wheels = [
    { url = "https://files.pythonhosted.org/packages/cb/dc/08b1a080372afda3cceb4f3c0a7ba2bde9d6a5241f1edb02a22a019ee147/pytokens-0.4.1-cp313-cp313-macosx_11_0_arm64.whl", hash = "sha256:8bdb9d0ce90cbf99c525e75a2fa415144fd570a1ba987380190e8b786bc6ef9b", size = 160720, upload-time = "2026-01-30T01:03:13.843Z" },
    { url = "https://files.pythonhosted.org/packages/64/0c/41ea22205da480837a700e395507e6a24425151dfb7ead73343d6e2d7ffe/pytokens-0.4.1-cp313-cp313-manylinux2014_aarch64.manylinux_2_17_aarch64.manylinux_2_28_aarch64.whl", hash = "sha256:5502408cab1cb18e128570f8d598981c68a50d0cbd7c61312a90507cd3a1276f", size = 254204, upload-time = "2026-01-30T01:03:14.886Z" },
    { url = "https://files.pythonhosted.org/packages/e0/d2/afe5c7f8607018beb99971489dbb846508f1b8f351fcefc225fcf4b2adc0/pytokens-0.4.1-cp313-cp313-manylinux2014_x86_64.manylinux_2_17_x86_64.manylinux_2_28_x86_64.whl", hash = "sha256:29d1d8fb1030af4d231789959f21821ab6325e463f0503a61d204343c9b355d1", size = 268423, upload-time = "2026-01-30T01:03:15.936Z" },
    { url = "https://files.pythonhosted.org/packages/68/d4/00ffdbd370410c04e9591da9220a68dc1693ef7499173eb3e30d06e05ed1/pytokens-0.4.1-cp313-cp313-musllinux_1_2_x86_64.whl", hash = "sha256:970b08dd6b86058b6dc07efe9e98414f5102974716232d10f32ff39701e841c4", size = 266859, upload-time = "2026-01-30T01:03:17.458Z" },
    { url = "https://files.pythonhosted.org/packages/a7/c9/c3161313b4ca0c601eeefabd3d3b576edaa9afdefd32da97210700e47652/pytokens-0.4.1-cp313-cp313-win_amd64.whl", hash = "sha256:9bd7d7f544d362576be74f9d5901a22f317efc20046efe2034dced238cbbfe78", size = 103520, upload-time = "2026-01-30T01:03:18.652Z" },
    { url = "https://files.pythonhosted.org/packages/8f/a7/b470f672e6fc5fee0a01d9e75005a0e617e162381974213a945fcd274843/pytokens-0.4.1-cp314-cp314-macosx_11_0_arm64.whl", hash = "sha256:4a14d5f5fc78ce85e426aa159489e2d5961acf0e47575e08f35584009178e321", size = 160821, upload-time = "2026-01-30T01:03:19.684Z" },
    { url = "https://files.pythonhosted.org/packages/80/98/e83a36fe8d170c911f864bfded690d2542bfcfacb9c649d11a9e6eb9dc41/pytokens-0.4.1-cp314-cp314-manylinux2014_aarch64.manylinux_2_17_aarch64.manylinux_2_28_aarch64.whl", hash = "sha256:97f50fd18543be72da51dd505e2ed20d2228c74e0464e4262e4899797803d7fa", size = 254263, upload-time = "2026-01-30T01:03:20.834Z" },
    { url = "https://files.pythonhosted.org/packages/0f/95/70d7041273890f9f97a24234c00b746e8da86df462620194cef1d411ddeb/pytokens-0.4.1-cp314-cp314-manylinux2014_x86_64.manylinux_2_17_x86_64.manylinux_2_28_x86_64.whl", hash = "sha256:dc74c035f9bfca0255c1af77ddd2d6ae8419012805453e4b0e7513e17904545d", size = 268071, upload-time = "2026-01-30T01:03:21.888Z" },
    { url = "https://files.pythonhosted.org/packages/da/79/76e6d09ae19c99404656d7db9c35dfd20f2086f3eb6ecb496b5b31163bad/pytokens-0.4.1-cp314-cp314-musllinux_1_2_x86_64.whl", hash = "sha256:f66a6bbe741bd431f6d741e617e0f39ec7257ca1f89089593479347cc4d13324", size = 271716, upload-time = "2026-01-30T01:03:23.633Z" },
    { url = "https://files.pythonhosted.org/packages/79/37/482e55fa1602e0a7ff012661d8c946bafdc05e480ea5a32f4f7e336d4aa9/pytokens-0.4.1-cp314-cp314-win_amd64.whl", hash = "sha256:b35d7e5ad269804f6697727702da3c517bb8a5228afa450ab0fa787732055fc9", size = 104539, upload-time = "2026-01-30T01:03:24.788Z" },
    { url = "https://files.pythonhosted.org/packages/30/e8/20e7db907c23f3d63b0be3b8a4fd1927f6da2395f5bcc7f72242bb963dfe/pytokens-0.4.1-cp314-cp314t-macosx_11_0_arm64.whl", hash = "sha256:8fcb9ba3709ff77e77f1c7022ff11d13553f3c30299a9fe246a166903e9091eb", size = 168474, upload-time = "2026-01-30T01:03:26.428Z" },
    { url = "https://files.pythonhosted.org/packages/d6/81/88a95ee9fafdd8f5f3452107748fd04c24930d500b9aba9738f3ade642cc/pytokens-0.4.1-cp314-cp314t-manylinux2014_aarch64.manylinux_2_17_aarch64.manylinux_2_28_aarch64.whl", hash = "sha256:79fc6b8699564e1f9b521582c35435f1bd32dd06822322ec44afdeba666d8cb3", size = 290473, upload-time = "2026-01-30T01:03:27.415Z" },
    { url = "https://files.pythonhosted.org/packages/cf/35/3aa899645e29b6375b4aed9f8d21df219e7c958c4c186b465e42ee0a06bf/pytokens-0.4.1-cp314-cp314t-manylinux2014_x86_64.manylinux_2_17_x86_64.manylinux_2_28_x86_64.whl", hash = "sha256:d31b97b3de0f61571a124a00ffe9a81fb9939146c122c11060725bd5aea79975", size = 303485, upload-time = "2026-01-30T01:03:28.558Z" },
    { url = "https://files.pythonhosted.org/packages/52/a0/07907b6ff512674d9b201859f7d212298c44933633c946703a20c25e9d81/pytokens-0.4.1-cp314-cp314t-musllinux_1_2_x86_64.whl", hash = "sha256:967cf6e3fd4adf7de8fc73cd3043754ae79c36475c1c11d514fc72cf5490094a", size = 306698, upload-time = "2026-01-30T01:03:29.653Z" },
    { url = "https://files.pythonhosted.org/packages/39/2a/cbbf9250020a4a8dd53ba83a46c097b69e5eb49dd14e708f496f548c6612/pytokens-0.4.1-cp314-cp314t-win_amd64.whl", hash = "sha256:584c80c24b078eec1e227079d56dc22ff755e0ba8654d8383b2c549107528918", size = 116287, upload-time = "2026-01-30T01:03:30.912Z" },
    { url = "https://files.pythonhosted.org/packages/c6/78/397db326746f0a342855b81216ae1f0a32965deccfd7c830a2dbc66d2483/pytokens-0.4.1-py3-none-any.whl", hash = "sha256:26cef14744a8385f35d0e095dc8b3a7583f6c953c2e3d269c7f82484bf5ad2de", size = 13729, upload-time = "2026-01-30T01:03:45.029Z" },
]

[[package]]
name = "pywin32-ctypes"
version = "0.2.3"
source = { registry = "https://pypi.org/simple" }
sdist = { url = "https://files.pythonhosted.org/packages/85/9f/01a1a99704853cb63f253eea009390c88e7131c67e66a0a02099a8c917cb/pywin32-ctypes-0.2.3.tar.gz", hash = "sha256:d162dc04946d704503b2edc4d55f3dba5c1d539ead017afa00142c38b9885755", size = 29471, upload-time = "2024-08-14T10:15:34.626Z" }
wheels = [
    { url = "https://files.pythonhosted.org/packages/de/3d/8161f7711c017e01ac9f008dfddd9410dff3674334c233bde66e7ba65bbf/pywin32_ctypes-0.2.3-py3-none-any.whl", hash = "sha256:8a1513379d709975552d202d942d9837758905c8d01eb82b8bcc30918929e7b8", size = 30756, upload-time = "2024-08-14T10:15:33.187Z" },
]

[[package]]
name = "setuptools"
version = "84.0.0"
source = { registry = "https://pypi.org/simple" }
sdist = { url = "https://files.pythonhosted.org/packages/6d/44/f5da03a8ef95d369145c5bb53050e7877c9f3d312e128605fd9504829143/setuptools-84.0.0.tar.gz", hash = "sha256:f4695c21257f0d9b537ec2692c941d02ee143b7cc1276941349a546573b2ef73", size = 1168449, upload-time = "2026-08-08T18:27:58.365Z" }
wheels = [
    { url = "https://files.pythonhosted.org/packages/95/9c/c510029fc6ef33a6275cd2c5d3cecd6613dfd6aa401d57c54f1c18852ccf/setuptools-84.0.0-py3-none-any.whl", hash = "sha256:51a52592b3b99e102b609654876bd65f19f999935166d1352678931132b0c670", size = 818216, upload-time = "2026-08-08T18:27:56.719Z" },
]
